
Microsoft Visual Studio Solution File, Format Version 12.00
# Visual Studio 14
VisualStudioVersion = 14.0.23107.0
MinimumVisualStudioVersion = 10.0.40219.1
Project("{FAE04EC0-301F-11D3-BF4B-00C04F79EFBC}") = "FragEngine", "src\FragEngine\FragEngine.csproj", "{BC47C0E4-61F4-46D2-907E-009F4D1CFCDA}"
EndProject
Project("{2150E333-8FDC-42A3-9474-1A3956D46DE8}") = ".nuget", ".nuget", "{7399844B-658C-4990-8C3A-37E41F2F13B5}"
	ProjectSection(SolutionItems) = preProject
		.nuget\NuGet.Config = .nuget\NuGet.Config
		.nuget\NuGet.exe = .nuget\NuGet.exe
		.nuget\NuGet.targets = .nuget\NuGet.targets
	EndProjectSection
EndProject
Project("{2150E333-8FDC-42A3-9474-1A3956D46DE8}") = "Example Games", "Example Games", "{FA471561-C417-42BB-8415-0E2EC01F4AD9}"
EndProject
Project("{2150E333-8FDC-42A3-9474-1A3956D46DE8}") = "Platformer", "Platformer", "{7C91BE83-C281-475B-AC5F-68054046EC26}"
EndProject
Project("{FAE04EC0-301F-11D3-BF4B-00C04F79EFBC}") = "JumpJoy", "src\Examples\Platformer\JumpJoy\JumpJoy.csproj", "{C91F6D9D-764E-4BBF-9CD0-533B3CFB725C}"
EndProject
Project("{FAE04EC0-301F-11D3-BF4B-00C04F79EFBC}") = "FragEngine.Tests", "src\FragEngine.Tests\FragEngine.Tests.csproj", "{8FD78787-2BC5-43D4-ABD9-059959DC65B6}"
EndProject
Global
	GlobalSection(SolutionConfigurationPlatforms) = preSolution
		Android|Any CPU = Android|Any CPU
		Android|Mixed Platforms = Android|Mixed Platforms
		Android|x86 = Android|x86
		Debug|Any CPU = Debug|Any CPU
		Debug|Mixed Platforms = Debug|Mixed Platforms
		Debug|x86 = Debug|x86
		iOS|Any CPU = iOS|Any CPU
		iOS|Mixed Platforms = iOS|Mixed Platforms
		iOS|x86 = iOS|x86
		Linux|Any CPU = Linux|Any CPU
		Linux|Mixed Platforms = Linux|Mixed Platforms
		Linux|x86 = Linux|x86
		OSX|Any CPU = OSX|Any CPU
		OSX|Mixed Platforms = OSX|Mixed Platforms
		OSX|x86 = OSX|x86
		PSM|Any CPU = PSM|Any CPU
		PSM|Mixed Platforms = PSM|Mixed Platforms
		PSM|x86 = PSM|x86
		Release|Any CPU = Release|Any CPU
		Release|Mixed Platforms = Release|Mixed Platforms
		Release|x86 = Release|x86
		Windows|Any CPU = Windows|Any CPU
		Windows|Mixed Platforms = Windows|Mixed Platforms
		Windows|x86 = Windows|x86
		Windows8|Any CPU = Windows8|Any CPU
		Windows8|Mixed Platforms = Windows8|Mixed Platforms
		Windows8|x86 = Windows8|x86
	EndGlobalSection
	GlobalSection(ProjectConfigurationPlatforms) = postSolution
		{BC47C0E4-61F4-46D2-907E-009F4D1CFCDA}.Android|Any CPU.ActiveCfg = Release|Any CPU
		{BC47C0E4-61F4-46D2-907E-009F4D1CFCDA}.Android|Any CPU.Build.0 = Release|Any CPU
		{BC47C0E4-61F4-46D2-907E-009F4D1CFCDA}.Android|Mixed Platforms.ActiveCfg = Release|Any CPU
		{BC47C0E4-61F4-46D2-907E-009F4D1CFCDA}.Android|Mixed Platforms.Build.0 = Release|Any CPU
		{BC47C0E4-61F4-46D2-907E-009F4D1CFCDA}.Android|x86.ActiveCfg = Release|Any CPU
		{BC47C0E4-61F4-46D2-907E-009F4D1CFCDA}.Debug|Any CPU.ActiveCfg = Debug|Any CPU
		{BC47C0E4-61F4-46D2-907E-009F4D1CFCDA}.Debug|Any CPU.Build.0 = Debug|Any CPU
		{BC47C0E4-61F4-46D2-907E-009F4D1CFCDA}.Debug|Mixed Platforms.ActiveCfg = Debug|Any CPU
		{BC47C0E4-61F4-46D2-907E-009F4D1CFCDA}.Debug|Mixed Platforms.Build.0 = Debug|Any CPU
		{BC47C0E4-61F4-46D2-907E-009F4D1CFCDA}.Debug|x86.ActiveCfg = Debug|Any CPU
		{BC47C0E4-61F4-46D2-907E-009F4D1CFCDA}.iOS|Any CPU.ActiveCfg = Release|Any CPU
		{BC47C0E4-61F4-46D2-907E-009F4D1CFCDA}.iOS|Any CPU.Build.0 = Release|Any CPU
		{BC47C0E4-61F4-46D2-907E-009F4D1CFCDA}.iOS|Mixed Platforms.ActiveCfg = Release|Any CPU
		{BC47C0E4-61F4-46D2-907E-009F4D1CFCDA}.iOS|Mixed Platforms.Build.0 = Release|Any CPU
		{BC47C0E4-61F4-46D2-907E-009F4D1CFCDA}.iOS|x86.ActiveCfg = Release|Any CPU
		{BC47C0E4-61F4-46D2-907E-009F4D1CFCDA}.Linux|Any CPU.ActiveCfg = Release|Any CPU
		{BC47C0E4-61F4-46D2-907E-009F4D1CFCDA}.Linux|Any CPU.Build.0 = Release|Any CPU
		{BC47C0E4-61F4-46D2-907E-009F4D1CFCDA}.Linux|Mixed Platforms.ActiveCfg = Release|Any CPU
		{BC47C0E4-61F4-46D2-907E-009F4D1CFCDA}.Linux|Mixed Platforms.Build.0 = Release|Any CPU
		{BC47C0E4-61F4-46D2-907E-009F4D1CFCDA}.Linux|x86.ActiveCfg = Release|Any CPU
		{BC47C0E4-61F4-46D2-907E-009F4D1CFCDA}.OSX|Any CPU.ActiveCfg = Release|Any CPU
		{BC47C0E4-61F4-46D2-907E-009F4D1CFCDA}.OSX|Any CPU.Build.0 = Release|Any CPU
		{BC47C0E4-61F4-46D2-907E-009F4D1CFCDA}.OSX|Mixed Platforms.ActiveCfg = Release|Any CPU
		{BC47C0E4-61F4-46D2-907E-009F4D1CFCDA}.OSX|Mixed Platforms.Build.0 = Release|Any CPU
		{BC47C0E4-61F4-46D2-907E-009F4D1CFCDA}.OSX|x86.ActiveCfg = Release|Any CPU
		{BC47C0E4-61F4-46D2-907E-009F4D1CFCDA}.PSM|Any CPU.ActiveCfg = Release|Any CPU
		{BC47C0E4-61F4-46D2-907E-009F4D1CFCDA}.PSM|Any CPU.Build.0 = Release|Any CPU
		{BC47C0E4-61F4-46D2-907E-009F4D1CFCDA}.PSM|Mixed Platforms.ActiveCfg = Release|Any CPU
		{BC47C0E4-61F4-46D2-907E-009F4D1CFCDA}.PSM|Mixed Platforms.Build.0 = Release|Any CPU
		{BC47C0E4-61F4-46D2-907E-009F4D1CFCDA}.PSM|x86.ActiveCfg = Release|Any CPU
		{BC47C0E4-61F4-46D2-907E-009F4D1CFCDA}.Release|Any CPU.ActiveCfg = Release|Any CPU
		{BC47C0E4-61F4-46D2-907E-009F4D1CFCDA}.Release|Any CPU.Build.0 = Release|Any CPU
		{BC47C0E4-61F4-46D2-907E-009F4D1CFCDA}.Release|Mixed Platforms.ActiveCfg = Release|Any CPU
		{BC47C0E4-61F4-46D2-907E-009F4D1CFCDA}.Release|Mixed Platforms.Build.0 = Release|Any CPU
		{BC47C0E4-61F4-46D2-907E-009F4D1CFCDA}.Release|x86.ActiveCfg = Release|Any CPU
		{BC47C0E4-61F4-46D2-907E-009F4D1CFCDA}.Windows|Any CPU.ActiveCfg = Release|Any CPU
		{BC47C0E4-61F4-46D2-907E-009F4D1CFCDA}.Windows|Any CPU.Build.0 = Release|Any CPU
		{BC47C0E4-61F4-46D2-907E-009F4D1CFCDA}.Windows|Mixed Platforms.ActiveCfg = Release|Any CPU
		{BC47C0E4-61F4-46D2-907E-009F4D1CFCDA}.Windows|Mixed Platforms.Build.0 = Release|Any CPU
		{BC47C0E4-61F4-46D2-907E-009F4D1CFCDA}.Windows|x86.ActiveCfg = Release|Any CPU
		{BC47C0E4-61F4-46D2-907E-009F4D1CFCDA}.Windows8|Any CPU.ActiveCfg = Release|Any CPU
		{BC47C0E4-61F4-46D2-907E-009F4D1CFCDA}.Windows8|Any CPU.Build.0 = Release|Any CPU
		{BC47C0E4-61F4-46D2-907E-009F4D1CFCDA}.Windows8|Mixed Platforms.ActiveCfg = Release|Any CPU
		{BC47C0E4-61F4-46D2-907E-009F4D1CFCDA}.Windows8|Mixed Platforms.Build.0 = Release|Any CPU
		{BC47C0E4-61F4-46D2-907E-009F4D1CFCDA}.Windows8|x86.ActiveCfg = Release|Any CPU
		{C91F6D9D-764E-4BBF-9CD0-533B3CFB725C}.Android|Any CPU.ActiveCfg = Release|x86
		{C91F6D9D-764E-4BBF-9CD0-533B3CFB725C}.Android|Mixed Platforms.ActiveCfg = Release|x86
		{C91F6D9D-764E-4BBF-9CD0-533B3CFB725C}.Android|Mixed Platforms.Build.0 = Release|x86
		{C91F6D9D-764E-4BBF-9CD0-533B3CFB725C}.Android|x86.ActiveCfg = Release|x86
		{C91F6D9D-764E-4BBF-9CD0-533B3CFB725C}.Android|x86.Build.0 = Release|x86
		{C91F6D9D-764E-4BBF-9CD0-533B3CFB725C}.Debug|Any CPU.ActiveCfg = Debug|x86
		{C91F6D9D-764E-4BBF-9CD0-533B3CFB725C}.Debug|Mixed Platforms.ActiveCfg = Debug|x86
		{C91F6D9D-764E-4BBF-9CD0-533B3CFB725C}.Debug|Mixed Platforms.Build.0 = Debug|x86
		{C91F6D9D-764E-4BBF-9CD0-533B3CFB725C}.Debug|x86.ActiveCfg = Debug|x86
		{C91F6D9D-764E-4BBF-9CD0-533B3CFB725C}.Debug|x86.Build.0 = Debug|x86
		{C91F6D9D-764E-4BBF-9CD0-533B3CFB725C}.iOS|Any CPU.ActiveCfg = Release|x86
		{C91F6D9D-764E-4BBF-9CD0-533B3CFB725C}.iOS|Mixed Platforms.ActiveCfg = Release|x86
		{C91F6D9D-764E-4BBF-9CD0-533B3CFB725C}.iOS|Mixed Platforms.Build.0 = Release|x86
		{C91F6D9D-764E-4BBF-9CD0-533B3CFB725C}.iOS|x86.ActiveCfg = Release|x86
		{C91F6D9D-764E-4BBF-9CD0-533B3CFB725C}.iOS|x86.Build.0 = Release|x86
		{C91F6D9D-764E-4BBF-9CD0-533B3CFB725C}.Linux|Any CPU.ActiveCfg = Release|x86
		{C91F6D9D-764E-4BBF-9CD0-533B3CFB725C}.Linux|Mixed Platforms.ActiveCfg = Release|x86
		{C91F6D9D-764E-4BBF-9CD0-533B3CFB725C}.Linux|Mixed Platforms.Build.0 = Release|x86
		{C91F6D9D-764E-4BBF-9CD0-533B3CFB725C}.Linux|x86.ActiveCfg = Release|x86
		{C91F6D9D-764E-4BBF-9CD0-533B3CFB725C}.Linux|x86.Build.0 = Release|x86
		{C91F6D9D-764E-4BBF-9CD0-533B3CFB725C}.OSX|Any CPU.ActiveCfg = Release|x86
		{C91F6D9D-764E-4BBF-9CD0-533B3CFB725C}.OSX|Mixed Platforms.ActiveCfg = Release|x86
		{C91F6D9D-764E-4BBF-9CD0-533B3CFB725C}.OSX|Mixed Platforms.Build.0 = Release|x86
		{C91F6D9D-764E-4BBF-9CD0-533B3CFB725C}.OSX|x86.ActiveCfg = Release|x86
		{C91F6D9D-764E-4BBF-9CD0-533B3CFB725C}.OSX|x86.Build.0 = Release|x86
		{C91F6D9D-764E-4BBF-9CD0-533B3CFB725C}.PSM|Any CPU.ActiveCfg = Release|x86
		{C91F6D9D-764E-4BBF-9CD0-533B3CFB725C}.PSM|Mixed Platforms.ActiveCfg = Release|x86
		{C91F6D9D-764E-4BBF-9CD0-533B3CFB725C}.PSM|Mixed Platforms.Build.0 = Release|x86
		{C91F6D9D-764E-4BBF-9CD0-533B3CFB725C}.PSM|x86.ActiveCfg = Release|x86
		{C91F6D9D-764E-4BBF-9CD0-533B3CFB725C}.PSM|x86.Build.0 = Release|x86
		{C91F6D9D-764E-4BBF-9CD0-533B3CFB725C}.Release|Any CPU.ActiveCfg = Release|x86
		{C91F6D9D-764E-4BBF-9CD0-533B3CFB725C}.Release|Mixed Platforms.ActiveCfg = Release|x86
		{C91F6D9D-764E-4BBF-9CD0-533B3CFB725C}.Release|Mixed Platforms.Build.0 = Release|x86
		{C91F6D9D-764E-4BBF-9CD0-533B3CFB725C}.Release|x86.ActiveCfg = Release|x86
		{C91F6D9D-764E-4BBF-9CD0-533B3CFB725C}.Release|x86.Build.0 = Release|x86
		{C91F6D9D-764E-4BBF-9CD0-533B3CFB725C}.Windows|Any CPU.ActiveCfg = Release|x86
		{C91F6D9D-764E-4BBF-9CD0-533B3CFB725C}.Windows|Mixed Platforms.ActiveCfg = Release|x86
		{C91F6D9D-764E-4BBF-9CD0-533B3CFB725C}.Windows|Mixed Platforms.Build.0 = Release|x86
		{C91F6D9D-764E-4BBF-9CD0-533B3CFB725C}.Windows|x86.ActiveCfg = Release|x86
		{C91F6D9D-764E-4BBF-9CD0-533B3CFB725C}.Windows|x86.Build.0 = Release|x86
		{C91F6D9D-764E-4BBF-9CD0-533B3CFB725C}.Windows8|Any CPU.ActiveCfg = Release|x86
		{C91F6D9D-764E-4BBF-9CD0-533B3CFB725C}.Windows8|Mixed Platforms.ActiveCfg = Release|x86
		{C91F6D9D-764E-4BBF-9CD0-533B3CFB725C}.Windows8|Mixed Platforms.Build.0 = Release|x86
		{C91F6D9D-764E-4BBF-9CD0-533B3CFB725C}.Windows8|x86.ActiveCfg = Release|x86
		{C91F6D9D-764E-4BBF-9CD0-533B3CFB725C}.Windows8|x86.Build.0 = Release|x86
		{8FD78787-2BC5-43D4-ABD9-059959DC65B6}.Android|Any CPU.ActiveCfg = Release|Any CPU
		{8FD78787-2BC5-43D4-ABD9-059959DC65B6}.Android|Any CPU.Build.0 = Release|Any CPU
		{8FD78787-2BC5-43D4-ABD9-059959DC65B6}.Android|Mixed Platforms.ActiveCfg = Release|Any CPU
		{8FD78787-2BC5-43D4-ABD9-059959DC65B6}.Android|Mixed Platforms.Build.0 = Release|Any CPU
		{8FD78787-2BC5-43D4-ABD9-059959DC65B6}.Android|x86.ActiveCfg = Release|Any CPU
		{8FD78787-2BC5-43D4-ABD9-059959DC65B6}.Debug|Any CPU.ActiveCfg = Debug|Any CPU
		{8FD78787-2BC5-43D4-ABD9-059959DC65B6}.Debug|Any CPU.Build.0 = Debug|Any CPU
		{8FD78787-2BC5-43D4-ABD9-059959DC65B6}.Debug|Mixed Platforms.ActiveCfg = Debug|Any CPU
		{8FD78787-2BC5-43D4-ABD9-059959DC65B6}.Debug|Mixed Platforms.Build.0 = Debug|Any CPU
		{8FD78787-2BC5-43D4-ABD9-059959DC65B6}.Debug|x86.ActiveCfg = Debug|Any CPU
		{8FD78787-2BC5-43D4-ABD9-059959DC65B6}.iOS|Any CPU.ActiveCfg = Release|Any CPU
		{8FD78787-2BC5-43D4-ABD9-059959DC65B6}.iOS|Any CPU.Build.0 = Release|Any CPU
		{8FD78787-2BC5-43D4-ABD9-059959DC65B6}.iOS|Mixed Platforms.ActiveCfg = Release|Any CPU
		{8FD78787-2BC5-43D4-ABD9-059959DC65B6}.iOS|Mixed Platforms.Build.0 = Release|Any CPU
		{8FD78787-2BC5-43D4-ABD9-059959DC65B6}.iOS|x86.ActiveCfg = Release|Any CPU
		{8FD78787-2BC5-43D4-ABD9-059959DC65B6}.Linux|Any CPU.ActiveCfg = Release|Any CPU
		{8FD78787-2BC5-43D4-ABD9-059959DC65B6}.Linux|Any CPU.Build.0 = Release|Any CPU
		{8FD78787-2BC5-43D4-ABD9-059959DC65B6}.Linux|Mixed Platforms.ActiveCfg = Release|Any CPU
		{8FD78787-2BC5-43D4-ABD9-059959DC65B6}.Linux|Mixed Platforms.Build.0 = Release|Any CPU
		{8FD78787-2BC5-43D4-ABD9-059959DC65B6}.Linux|x86.ActiveCfg = Release|Any CPU
		{8FD78787-2BC5-43D4-ABD9-059959DC65B6}.OSX|Any CPU.ActiveCfg = Release|Any CPU
		{8FD78787-2BC5-43D4-ABD9-059959DC65B6}.OSX|Any CPU.Build.0 = Release|Any CPU
		{8FD78787-2BC5-43D4-ABD9-059959DC65B6}.OSX|Mixed Platforms.ActiveCfg = Release|Any CPU
		{8FD78787-2BC5-43D4-ABD9-059959DC65B6}.OSX|Mixed Platforms.Build.0 = Release|Any CPU
		{8FD78787-2BC5-43D4-ABD9-059959DC65B6}.OSX|x86.ActiveCfg = Release|Any CPU
		{8FD78787-2BC5-43D4-ABD9-059959DC65B6}.PSM|Any CPU.ActiveCfg = Release|Any CPU
		{8FD78787-2BC5-43D4-ABD9-059959DC65B6}.PSM|Any CPU.Build.0 = Release|Any CPU
		{8FD78787-2BC5-43D4-ABD9-059959DC65B6}.PSM|Mixed Platforms.ActiveCfg = Release|Any CPU
		{8FD78787-2BC5-43D4-ABD9-059959DC65B6}.PSM|Mixed Platforms.Build.0 = Release|Any CPU
		{8FD78787-2BC5-43D4-ABD9-059959DC65B6}.PSM|x86.ActiveCfg = Release|Any CPU
		{8FD78787-2BC5-43D4-ABD9-059959DC65B6}.Release|Any CPU.ActiveCfg = Release|Any CPU
		{8FD78787-2BC5-43D4-ABD9-059959DC65B6}.Release|Any CPU.Build.0 = Release|Any CPU
		{8FD78787-2BC5-43D4-ABD9-059959DC65B6}.Release|Mixed Platforms.ActiveCfg = Release|Any CPU
		{8FD78787-2BC5-43D4-ABD9-059959DC65B6}.Release|Mixed Platforms.Build.0 = Release|Any CPU
		{8FD78787-2BC5-43D4-ABD9-059959DC65B6}.Release|x86.ActiveCfg = Release|Any CPU
		{8FD78787-2BC5-43D4-ABD9-059959DC65B6}.Windows|Any CPU.ActiveCfg = Release|Any CPU
		{8FD78787-2BC5-43D4-ABD9-059959DC65B6}.Windows|Any CPU.Build.0 = Release|Any CPU
		{8FD78787-2BC5-43D4-ABD9-059959DC65B6}.Windows|Mixed Platforms.ActiveCfg = Release|Any CPU
		{8FD78787-2BC5-43D4-ABD9-059959DC65B6}.Windows|Mixed Platforms.Build.0 = Release|Any CPU
		{8FD78787-2BC5-43D4-ABD9-059959DC65B6}.Windows|x86.ActiveCfg = Release|Any CPU
		{8FD78787-2BC5-43D4-ABD9-059959DC65B6}.Windows8|Any CPU.ActiveCfg = Release|Any CPU
		{8FD78787-2BC5-43D4-ABD9-059959DC65B6}.Windows8|Any CPU.Build.0 = Release|Any CPU
		{8FD78787-2BC5-43D4-ABD9-059959DC65B6}.Windows8|Mixed Platforms.ActiveCfg = Release|Any CPU
		{8FD78787-2BC5-43D4-ABD9-059959DC65B6}.Windows8|Mixed Platforms.Build.0 = Release|Any CPU
		{8FD78787-2BC5-43D4-ABD9-059959DC65B6}.Windows8|x86.ActiveCfg = Release|Any CPU
	EndGlobalSection
	GlobalSection(SolutionProperties) = preSolution
		HideSolutionNode = FALSE
	EndGlobalSection
	GlobalSection(NestedProjects) = preSolution
		{7C91BE83-C281-475B-AC5F-68054046EC26} = {FA471561-C417-42BB-8415-0E2EC01F4AD9}
		{C91F6D9D-764E-4BBF-9CD0-533B3CFB725C} = {7C91BE83-C281-475B-AC5F-68054046EC26}
	EndGlobalSection
EndGlobal
